{
  "name": "xxhash32-node-cmake",
  "version": "1.0.5",
  "lockfileVersion": 2,
  "requires": true,
  "packages": {
    "": {
      "name": "xxhash32-node-cmake",
      "version": "1.0.5",
      "hasInstallScript": true,
      "license": "MIT",
      "os": [
        "!win32"
      ],
      "dependencies": {
        "nan": "^2.16.0"
      },
      "devDependencies": {
        "@types/node": "^10.17.60",
        "typescript": "^2.9.2",
        "typings-tester": "^0.3.2"
      },
      "engines": {
        "node": ">=4.0.0"
      },
      "funding": {
        "type": "GitHub Sponsors",
        "url": "https://github.com/sponsors/copious-world"
      }
    },
    "node_modules/@types/node": {
      "version": "10.17.60",
      "resolved": "https://registry.npmjs.org/@types/node/-/node-10.17.60.tgz",
      "integrity": "sha512-F0KIgDJfy2nA3zMLmWGKxcH2ZVEtCZXHHdOQs2gSaQ27+lNeEfGxzkIw90aXswATX7AZ33tahPbzy6KAfUreVw==",
      "dev": true
    },
    "node_modules/commander": {
      "version": "2.20.3",
      "resolved": "https://registry.npmjs.org/commander/-/commander-2.20.3.tgz",
      "integrity": "sha512-GpVkmM8vF2vQUkj2LvZmD35JxeJOLCwJ9cUkugyk2nuhbv3+mJvpLYYt+0+USMxE+oj+ey/lJEnhZw75x/OMcQ==",
      "dev": true
    },
    "node_modules/nan": {
      "version": "2.17.0",
      "resolved": "https://registry.npmjs.org/nan/-/nan-2.17.0.tgz",
      "integrity": "sha512-2ZTgtl0nJsO0KQCjEpxcIr5D+Yv90plTitZt9JBfQvVJDS5seMl3FOvsh3+9CoYWXf/1l5OaZzzF6nDm4cagaQ=="
    },
    "node_modules/typescript": {
      "version": "2.9.2",
      "resolved": "https://registry.npmjs.org/typescript/-/typescript-2.9.2.tgz",
      "integrity": "sha512-Gr4p6nFNaoufRIY4NMdpQRNmgxVIGMs4Fcu/ujdYk3nAZqk7supzBE9idmvfZIlH/Cuj//dvi+019qEue9lV0w==",
      "dev": true,
      "bin": {
        "tsc": "bin/tsc",
        "tsserver": "bin/tsserver"
      },
      "engines": {
        "node": ">=4.2.0"
      }
    },
    "node_modules/typings-tester": {
      "version": "0.3.2",
      "resolved": "https://registry.npmjs.org/typings-tester/-/typings-tester-0.3.2.tgz",
      "integrity": "sha512-HjGoAM2UoGhmSKKy23TYEKkxlphdJFdix5VvqWFLzH1BJVnnwG38tpC6SXPgqhfFGfHY77RlN1K8ts0dbWBQ7A==",
      "dev": true,
      "dependencies": {
        "commander": "^2.12.2"
      },
      "bin": {
        "typings-tester": "lib/cli.js"
      },
      "peerDependencies": {
        "typescript": "~2 || ~3"
      }
    }
  },
  "dependencies": {
    "@types/node": {
      "version": "10.17.60",
      "resolved": "https://registry.npmjs.org/@types/node/-/node-10.17.60.tgz",
      "integrity": "sha512-F0KIgDJfy2nA3zMLmWGKxcH2ZVEtCZXHHdOQs2gSaQ27+lNeEfGxzkIw90aXswATX7AZ33tahPbzy6KAfUreVw==",
      "dev": true
    },
    "commander": {
      "version": "2.20.3",
      "resolved": "https://registry.npmjs.org/commander/-/commander-2.20.3.tgz",
      "integrity": "sha512-GpVkmM8vF2vQUkj2LvZmD35JxeJOLCwJ9cUkugyk2nuhbv3+mJvpLYYt+0+USMxE+oj+ey/lJEnhZw75x/OMcQ==",
      "dev": true
    },
    "nan": {
      "version": "2.17.0",
      "resolved": "https://registry.npmjs.org/nan/-/nan-2.17.0.tgz",
      "integrity": "sha512-2ZTgtl0nJsO0KQCjEpxcIr5D+Yv90plTitZt9JBfQvVJDS5seMl3FOvsh3+9CoYWXf/1l5OaZzzF6nDm4cagaQ=="
    },
    "typescript": {
      "version": "2.9.2",
      "resolved": "https://registry.npmjs.org/typescript/-/typescript-2.9.2.tgz",
      "integrity": "sha512-Gr4p6nFNaoufRIY4NMdpQRNmgxVIGMs4Fcu/ujdYk3nAZqk7supzBE9idmvfZIlH/Cuj//dvi+019qEue9lV0w==",
      "dev": true
    },
    "typings-tester": {
      "version": "0.3.2",
      "resolved": "https://registry.npmjs.org/typings-tester/-/typings-tester-0.3.2.tgz",
      "integrity": "sha512-HjGoAM2UoGhmSKKy23TYEKkxlphdJFdix5VvqWFLzH1BJVnnwG38tpC6SXPgqhfFGfHY77RlN1K8ts0dbWBQ7A==",
      "dev": true,
      "requires": {
        "commander": "^2.12.2"
      }
    }
  }
}
